
Microsoft Visual Studio Solution File, Format Version 12.00
# Visual Studio 14
VisualStudioVersion = 14.0.25420.1
MinimumVisualStudioVersion = 10.0.40219.1
Project("{FAE04EC0-301F-11D3-BF4B-00C04F79EFBC}") = "RobotQQ", "RobotQQ\RobotQQ.csproj", "{2176416D-6334-4683-9797-4E904CC12A11}"
EndProject
Project("{FAE04EC0-301F-11D3-BF4B-00C04F79EFBC}") = "RobotQQ.Core", "RobotQQ.Core\RobotQQ.Core.csproj", "{E5604FEF-AADB-4EF1-9647-FA078489A9E3}"
EndProject
Project("{2150E333-8FDC-42A3-9474-1A3956D46DE8}") = "Solution Items", "Solution Items", "{631091C3-75AD-452A-8D0A-40A33EAF466D}"
	ProjectSection(SolutionItems) = preProject
		Logs.md = Logs.md
	EndProjectSection
EndProject
Global
	GlobalSection(SolutionConfigurationPlatforms) = preSolution
		Debug|Any CPU = Debug|Any CPU
		Release|Any CPU = Release|Any CPU
	EndGlobalSection
	GlobalSection(ProjectConfigurationPlatforms) = postSolution
		{2176416D-6334-4683-9797-4E904CC12A11}.Debug|Any CPU.ActiveCfg = Debug|Any CPU
		{2176416D-6334-4683-9797-4E904CC12A11}.Debug|Any CPU.Build.0 = Debug|Any CPU
		{2176416D-6334-4683-9797-4E904CC12A11}.Release|Any CPU.ActiveCfg = Release|Any CPU
		{2176416D-6334-4683-9797-4E904CC12A11}.Release|Any CPU.Build.0 = Release|Any CPU
		{E5604FEF-AADB-4EF1-9647-FA078489A9E3}.Debug|Any CPU.ActiveCfg = Debug|Any CPU
		{E5604FEF-AADB-4EF1-9647-FA078489A9E3}.Debug|Any CPU.Build.0 = Debug|Any CPU
		{E5604FEF-AADB-4EF1-9647-FA078489A9E3}.Release|Any CPU.ActiveCfg = Release|Any CPU
		{E5604FEF-AADB-4EF1-9647-FA078489A9E3}.Release|Any CPU.Build.0 = Release|Any CPU
	EndGlobalSection
	GlobalSection(SolutionProperties) = preSolution
		HideSolutionNode = FALSE
	EndGlobalSection
EndGlobal
